<?xml version="1.0" encoding="utf-8"?>
<Project ToolsVersion="4.0" xmlns="http://schemas.microsoft.com/developer/msbuild/2003">
  <ItemGroup>
    <Filter Include="Default">
      <UniqueIdentifier>{c59f78a5-da20-4f37-a14f-2a30713a0fad}</UniqueIdentifier>
    </Filter>
    <Filter Include="Default\리소스 파일">
      <UniqueIdentifier>{67DA6AB6-F800-4c08-8B7A-83BB121AAD01}</UniqueIdentifier>
      <Extensions>rc;ico;cur;bmp;dlg;rc2;rct;bin;rgs;gif;jpg;jpeg;jpe;resx;tiff;tif;png;wav;mfcribbon-ms</Extensions>
    </Filter>
    <Filter Include="Game">
      <UniqueIdentifier>{cd7d7550-5ab9-4d2d-ae3e-12e686daee19}</UniqueIdentifier>
    </Filter>
    <Filter Include="Game\01. Header">
      <UniqueIdentifier>{eaef8d43-0f68-4770-9d77-4a5344d41a00}</UniqueIdentifier>
    </Filter>
    <Filter Include="Game\01. Header\Func">
      <UniqueIdentifier>{06705259-67ae-489b-9e5e-a40d4fcfa663}</UniqueIdentifier>
    </Filter>
    <Filter Include="Game\01. Header\Func\Event">
      <UniqueIdentifier>{7859497a-6243-4c11-a1af-54f44953c951}</UniqueIdentifier>
    </Filter>
    <Filter Include="Game\02. Core">
      <UniqueIdentifier>{777fd30d-ff6f-4765-8928-3eaaa6ee080b}</UniqueIdentifier>
    </Filter>
    <Filter Include="Game\03. Managers">
      <UniqueIdentifier>{306ac920-ed35-4b6d-b2ee-50b1eab42906}</UniqueIdentifier>
    </Filter>
    <Filter Include="Game\03. Managers\Key">
      <UniqueIdentifier>{9390c919-ec72-4a4c-af3f-e63666dcbc43}</UniqueIdentifier>
    </Filter>
    <Filter Include="Game\03. Managers\Time">
      <UniqueIdentifier>{a9ae00b4-af07-4594-9aa5-1370ad2e5038}</UniqueIdentifier>
    </Filter>
    <Filter Include="Game\03. Managers\Path">
      <UniqueIdentifier>{e5a09255-6964-4a68-9802-0dd442e4a2ca}</UniqueIdentifier>
    </Filter>
    <Filter Include="Game\03. Managers\Scene">
      <UniqueIdentifier>{f4e1db84-f017-44ee-aa22-2600b69ab3ee}</UniqueIdentifier>
    </Filter>
    <Filter Include="Game\03. Managers\Event">
      <UniqueIdentifier>{df507521-2862-4631-99e6-3a2aa9651a22}</UniqueIdentifier>
    </Filter>
    <Filter Include="Game\03. Managers\Collision">
      <UniqueIdentifier>{d5de76c4-85cc-4bb2-a9e0-975a898bb932}</UniqueIdentifier>
    </Filter>
    <Filter Include="Game\03. Managers\Camera">
      <UniqueIdentifier>{7826e49d-d6f8-4952-8158-4a0dc428518b}</UniqueIdentifier>
    </Filter>
    <Filter Include="Game\04. Object">
      <UniqueIdentifier>{04eeb215-4f6c-492b-a88a-ffcda0541c3f}</UniqueIdentifier>
    </Filter>
    <Filter Include="Game\04. Object\Player">
      <UniqueIdentifier>{463091bd-1b78-4d32-8685-f41990bca06e}</UniqueIdentifier>
    </Filter>
    <Filter Include="Game\05. Scene">
      <UniqueIdentifier>{80645f33-6db0-46bd-b21d-f217a36ea69c}</UniqueIdentifier>
    </Filter>
    <Filter Include="Game\05. Scene\Start_Scene">
      <UniqueIdentifier>{bbd4d3f2-097b-4297-980f-30af4cae33df}</UniqueIdentifier>
    </Filter>
    <Filter Include="Game\06. Resource">
      <UniqueIdentifier>{3621cd79-6a7f-4c2d-9cda-4c3a5c1496f7}</UniqueIdentifier>
    </Filter>
    <Filter Include="Game\07. Component">
      <UniqueIdentifier>{44c939a0-b718-4407-98cd-e2898a348b03}</UniqueIdentifier>
    </Filter>
    <Filter Include="Game\07. Component\Collider">
      <UniqueIdentifier>{0bce54ce-ab33-480d-b11c-2ae812a03da4}</UniqueIdentifier>
    </Filter>
    <Filter Include="Game\08. Module">
      <UniqueIdentifier>{10ff6850-7a9c-4d3e-9ece-5cfa3b3576d4}</UniqueIdentifier>
    </Filter>
    <Filter Include="Game\09. Factory">
      <UniqueIdentifier>{d8095b39-4368-4740-bec4-2fe821a81fc9}</UniqueIdentifier>
    </Filter>
    <Filter Include="Game\03. Managers\Resource">
      <UniqueIdentifier>{37b44e57-092a-4ce4-b1a4-d638326ef3f9}</UniqueIdentifier>
    </Filter>
    <Filter Include="Game\06. Resource\Texture">
      <UniqueIdentifier>{b3dc0628-c288-412d-8a37-82526728d5d9}</UniqueIdentifier>
    </Filter>
    <Filter Include="Game\07. Component\RigidBody">
      <UniqueIdentifier>{b370672e-ac5d-4906-ae0f-2d66097d7b3e}</UniqueIdentifier>
    </Filter>
    <Filter Include="Game\07. Component\Animator">
      <UniqueIdentifier>{d1d8b117-6bdd-4af7-8fbc-f1766cfc5f9e}</UniqueIdentifier>
    </Filter>
    <Filter Include="Game\07. Component\Animator\Animations">
      <UniqueIdentifier>{0dbd376b-d26d-4e11-9775-af0fffd0bba4}</UniqueIdentifier>
    </Filter>
    <Filter Include="Game\07. Component\StateMachine">
      <UniqueIdentifier>{c76bf99c-650a-4c84-a681-1c8ab95ddb24}</UniqueIdentifier>
    </Filter>
    <Filter Include="Game\03. Managers\UI">
      <UniqueIdentifier>{ce562312-b88a-44b7-8ca3-971e780e0e92}</UniqueIdentifier>
    </Filter>
    <Filter Include="Game\04. Object\UI">
      <UniqueIdentifier>{2c84e7e0-0660-446b-a133-1af4851b7df1}</UniqueIdentifier>
    </Filter>
  </ItemGroup>
  <ItemGroup>
    <ClInclude Include="framework.h">
      <Filter>Default</Filter>
    </ClInclude>
    <ClInclude Include="MercuryProject.h">
      <Filter>Default</Filter>
    </ClInclude>
    <ClInclude Include="Resource.h">
      <Filter>Default</Filter>
    </ClInclude>
    <ClInclude Include="targetver.h">
      <Filter>Default</Filter>
    </ClInclude>
    <ClInclude Include="CGameCore.h">
      <Filter>Game\02. Core</Filter>
    </ClInclude>
    <ClInclude Include="define.h">
      <Filter>Game\01. Header</Filter>
    </ClInclude>
    <ClInclude Include="pch.h" />
    <ClInclude Include="struct.h">
      <Filter>Game\01. Header</Filter>
    </ClInclude>
    <ClInclude Include="CTimeMgr.h">
      <Filter>Game\03. Managers\Time</Filter>
    </ClInclude>
    <ClInclude Include="CKeyMgr.h">
      <Filter>Game\03. Managers\Key</Filter>
    </ClInclude>
    <ClInclude Include="CPathMgr.h">
      <Filter>Game\03. Managers\Path</Filter>
    </ClInclude>
    <ClInclude Include="CObject.h">
      <Filter>Game\04. Object</Filter>
    </ClInclude>
    <ClInclude Include="SelectGDI.h">
      <Filter>Game\08. Module</Filter>
    </ClInclude>
    <ClInclude Include="CScene.h">
      <Filter>Game\05. Scene</Filter>
    </ClInclude>
    <ClInclude Include="CSceneMgr.h">
      <Filter>Game\03. Managers\Scene</Filter>
    </ClInclude>
    <ClInclude Include="CScene_Start.h">
      <Filter>Game\05. Scene\Start_Scene</Filter>
    </ClInclude>
    <ClInclude Include="CEventMgr.h">
      <Filter>Game\03. Managers\Event</Filter>
    </ClInclude>
    <ClInclude Include="EventFunc.h">
      <Filter>Game\01. Header\Func\Event</Filter>
    </ClInclude>
    <ClInclude Include="CCollider.h">
      <Filter>Game\07. Component\Collider</Filter>
    </ClInclude>
    <ClInclude Include="CComponent.h">
      <Filter>Game\07. Component</Filter>
    </ClInclude>
    <ClInclude Include="CCollisionMgr.h">
      <Filter>Game\03. Managers\Collision</Filter>
    </ClInclude>
    <ClInclude Include="CCamera.h">
      <Filter>Game\03. Managers\Camera</Filter>
    </ClInclude>
    <ClInclude Include="CResMgr.h">
      <Filter>Game\03. Managers\Resource</Filter>
    </ClInclude>
    <ClInclude Include="CTexture.h">
      <Filter>Game\06. Resource\Texture</Filter>
    </ClInclude>
    <ClInclude Include="CRes.h">
      <Filter>Game\06. Resource</Filter>
    </ClInclude>
    <ClInclude Include="CAnimator.h">
      <Filter>Game\07. Component\Animator</Filter>
    </ClInclude>
    <ClInclude Include="CAnimation.h">
      <Filter>Game\07. Component\Animator\Animations</Filter>
    </ClInclude>
    <ClInclude Include="CStateMachine.h">
      <Filter>Game\07. Component\StateMachine</Filter>
    </ClInclude>
    <ClInclude Include="CRigidBody.h">
      <Filter>Game\07. Component\RigidBody</Filter>
    </ClInclude>
    <ClInclude Include="func.h">
      <Filter>Game\01. Header\Func</Filter>
    </ClInclude>
    <ClInclude Include="global.h">
      <Filter>Game\01. Header</Filter>
    </ClInclude>
    <ClInclude Include="CUIMgr.h">
      <Filter>Game\03. Managers\UI</Filter>
    </ClInclude>
    <ClInclude Include="CUI.h">
      <Filter>Game\04. Object\UI</Filter>
    </ClInclude>
    <ClInclude Include="CPlayer.h">
      <Filter>Game\04. Object\Player</Filter>
    </ClInclude>
  </ItemGroup>
  <ItemGroup>
    <ResourceCompile Include="MercuryProject.rc">
      <Filter>Default\리소스 파일</Filter>
    </ResourceCompile>
  </ItemGroup>
  <ItemGroup>
    <Image Include="small.ico">
      <Filter>Default\리소스 파일</Filter>
    </Image>
    <Image Include="MercuryProject.ico">
      <Filter>Default\리소스 파일</Filter>
    </Image>
  </ItemGroup>
  <ItemGroup>
    <ClCompile Include="MercuryProject.cpp">
      <Filter>Default</Filter>
    </ClCompile>
    <ClCompile Include="CGameCore.cpp">
      <Filter>Game\02. Core</Filter>
    </ClCompile>
    <ClCompile Include="CTimeMgr.cpp">
      <Filter>Game\03. Managers\Time</Filter>
    </ClCompile>
    <ClCompile Include="CKeyMgr.cpp">
      <Filter>Game\03. Managers\Key</Filter>
    </ClCompile>
    <ClCompile Include="CPathMgr.cpp">
      <Filter>Game\03. Managers\Path</Filter>
    </ClCompile>
    <ClCompile Include="CObject.cpp">
      <Filter>Game\04. Object</Filter>
    </ClCompile>
    <ClCompile Include="SelectGDI.cpp">
      <Filter>Game\08. Module</Filter>
    </ClCompile>
    <ClCompile Include="CScene.cpp">
      <Filter>Game\05. Scene</Filter>
    </ClCompile>
    <ClCompile Include="CSceneMgr.cpp">
      <Filter>Game\03. Managers\Scene</Filter>
    </ClCompile>
    <ClCompile Include="CScene_Start.cpp">
      <Filter>Game\05. Scene\Start_Scene</Filter>
    </ClCompile>
    <ClCompile Include="CEventMgr.cpp">
      <Filter>Game\03. Managers\Event</Filter>
    </ClCompile>
    <ClCompile Include="EventFunc.cpp">
      <Filter>Game\01. Header\Func\Event</Filter>
    </ClCompile>
    <ClCompile Include="CCollisionMgr.cpp">
      <Filter>Game\03. Managers\Collision</Filter>
    </ClCompile>
    <ClCompile Include="CCollider.cpp">
      <Filter>Game\07. Component\Collider</Filter>
    </ClCompile>
    <ClCompile Include="CComponent.cpp">
      <Filter>Game\07. Component</Filter>
    </ClCompile>
    <ClCompile Include="CCamera.cpp">
      <Filter>Game\03. Managers\Camera</Filter>
    </ClCompile>
    <ClCompile Include="CResMgr.cpp">
      <Filter>Game\03. Managers\Resource</Filter>
    </ClCompile>
    <ClCompile Include="CTexture.cpp">
      <Filter>Game\06. Resource\Texture</Filter>
    </ClCompile>
    <ClCompile Include="CRes.cpp">
      <Filter>Game\06. Resource</Filter>
    </ClCompile>
    <ClCompile Include="CAnimator.cpp">
      <Filter>Game\07. Component\Animator</Filter>
    </ClCompile>
    <ClCompile Include="CAnimation.cpp">
      <Filter>Game\07. Component\Animator\Animations</Filter>
    </ClCompile>
    <ClCompile Include="CStateMachine.cpp">
      <Filter>Game\07. Component\StateMachine</Filter>
    </ClCompile>
    <ClCompile Include="CRigidBody.cpp">
      <Filter>Game\07. Component\RigidBody</Filter>
    </ClCompile>
    <ClCompile Include="func.cpp">
      <Filter>Game\01. Header\Func</Filter>
    </ClCompile>
    <ClCompile Include="CUIMgr.cpp">
      <Filter>Game\03. Managers\UI</Filter>
    </ClCompile>
    <ClCompile Include="CUI.cpp">
      <Filter>Game\04. Object\UI</Filter>
    </ClCompile>
    <ClCompile Include="CPlayer.cpp">
      <Filter>Game\04. Object\Player</Filter>
    </ClCompile>
  </ItemGroup>
</Project>